
Microsoft Visual Studio Solution File, Format Version 12.00
# Visual Studio Version 17
VisualStudioVersion = 17.4.33122.133
MinimumVisualStudioVersion = 10.0.40219.1
Project("{FAE04EC0-301F-11D3-BF4B-00C04F79EFBC}") = "ZooWebApp", "ZooWebApp\ZooWebApp.csproj", "{269401B1-D38B-4658-AB22-21AF5F51858C}"
EndProject
Global
	GlobalSection(SolutionConfigurationPlatforms) = preSolution
		Debug|Any CPU = Debug|Any CPU
		Release|Any CPU = Release|Any CPU
	EndGlobalSection
	GlobalSection(ProjectConfigurationPlatforms) = postSolution
		{269401B1-D38B-4658-AB22-21AF5F51858C}.Debug|Any CPU.ActiveCfg = Debug|Any CPU
		{269401B1-D38B-4658-AB22-21AF5F51858C}.Debug|Any CPU.Build.0 = Debug|Any CPU
		{269401B1-D38B-4658-AB22-21AF5F51858C}.Release|Any CPU.ActiveCfg = Release|Any CPU
		{269401B1-D38B-4658-AB22-21AF5F51858C}.Release|Any CPU.Build.0 = Release|Any CPU
	EndGlobalSection
	GlobalSection(SolutionProperties) = preSolution
		HideSolutionNode = FALSE
	EndGlobalSection
	GlobalSection(ExtensibilityGlobals) = postSolution
		SolutionGuid = {E20D7444-C6BC-4796-BBC0-4078FA9A45AA}
	EndGlobalSection
EndGlobal
